
Microsoft Visual Studio Solution File, Format Version 12.00
# Visual Studio 15
VisualStudioVersion = 15.0.27130.2036
MinimumVisualStudioVersion = 10.0.40219.1
Project("{FAE04EC0-301F-11D3-BF4B-00C04F79EFBC}") = "LongLinkIOS", "LongLinkIOS.csproj", "{C998301B-F813-4753-A437-D5C9542D8D55}"
EndProject
Global
	GlobalSection(SolutionConfigurationPlatforms) = preSolution
		Debug|Any CPU = Debug|Any CPU
		Debug|x64 = Debug|x64
		Debug|x86 = Debug|x86
		Release|Any CPU = Release|Any CPU
		Release|x64 = Release|x64
		Release|x86 = Release|x86
	EndGlobalSection
	GlobalSection(ProjectConfigurationPlatforms) = postSolution
		{C998301B-F813-4753-A437-D5C9542D8D55}.Debug|Any CPU.ActiveCfg = Debug|Any CPU
		{C998301B-F813-4753-A437-D5C9542D8D55}.Debug|Any CPU.Build.0 = Debug|Any CPU
		{C998301B-F813-4753-A437-D5C9542D8D55}.Debug|x64.ActiveCfg = Debug|Any CPU
		{C998301B-F813-4753-A437-D5C9542D8D55}.Debug|x64.Build.0 = Debug|Any CPU
		{C998301B-F813-4753-A437-D5C9542D8D55}.Debug|x86.ActiveCfg = Debug|x86
		{C998301B-F813-4753-A437-D5C9542D8D55}.Debug|x86.Build.0 = Debug|x86
		{C998301B-F813-4753-A437-D5C9542D8D55}.Release|Any CPU.ActiveCfg = Release|Any CPU
		{C998301B-F813-4753-A437-D5C9542D8D55}.Release|Any CPU.Build.0 = Release|Any CPU
		{C998301B-F813-4753-A437-D5C9542D8D55}.Release|x64.ActiveCfg = Release|Any CPU
		{C998301B-F813-4753-A437-D5C9542D8D55}.Release|x64.Build.0 = Release|Any CPU
		{C998301B-F813-4753-A437-D5C9542D8D55}.Release|x86.ActiveCfg = Release|x86
		{C998301B-F813-4753-A437-D5C9542D8D55}.Release|x86.Build.0 = Release|x86
	EndGlobalSection
	GlobalSection(SolutionProperties) = preSolution
		HideSolutionNode = FALSE
	EndGlobalSection
	GlobalSection(ExtensibilityGlobals) = postSolution
		SolutionGuid = {F3D2652A-F032-4AA3-A4B1-B7993A0ABB6E}
	EndGlobalSection
EndGlobal
